// !$*UTF8*$!
{
	archiveVersion = 1;
	classes = {
	};
	objectVersion = 50;
	objects = {

/* Begin PBXBuildFile section */
		2990DD5B26FDE3D300712ACC /* AppDelegate.swift in Sources */ = {isa = PBXBuildFile; fileRef = 2990DD5A26FDE3D300712ACC /* AppDelegate.swift */; };
		2990DD5D26FDE3D400712ACC /* SceneDelegate.swift in Sources */ = {isa = PBXBuildFile; fileRef = 2990DD5C26FDE3D400712ACC /* SceneDelegate.swift */; };
		2990DD5F26FDE3D400712ACC /* ViewController.swift in Sources */ = {isa = PBXBuildFile; fileRef = 2990DD5E26FDE3D400712ACC /* ViewController.swift */; };
		2990DD6226FDE3D400712ACC /* Main.storyboard in Resources */ = {isa = PBXBuildFile; fileRef = 2990DD6026FDE3D400712ACC /* Main.storyboard */; };
		2990DD6426FDE3D400712ACC /* Assets.xcassets in Resources */ = {isa = PBXBuildFile; fileRef = 2990DD6326FDE3D400712ACC /* Assets.xcassets */; };
		2990DD6726FDE3D400712ACC /* LaunchScreen.storyboard in Resources */ = {isa = PBXBuildFile; fileRef = 2990DD6526FDE3D400712ACC /* LaunchScreen.storyboard */; };
		2990DD7126FDE4C700712ACC /* EnterNoteViewController.swift in Sources */ = {isa = PBXBuildFile; fileRef = 2990DD7026FDE4C700712ACC /* EnterNoteViewController.swift */; };
		2990DD7C2704827700712ACC /* NotesStorage.swift in Sources */ = {isa = PBXBuildFile; fileRef = 2990DD7827020B2200712ACC /* NotesStorage.swift */; };
		CED152CD270A2824003874C6 /* KeyboardInfoController.swift in Sources */ = {isa = PBXBuildFile; fileRef = CED152CC270A2824003874C6 /* KeyboardInfoController.swift */; };
/* End PBXBuildFile section */

/* Begin PBXFileReference section */
		2990DD5726FDE3D300712ACC /* NotesApp.app */ = {isa = PBXFileReference; explicitFileType = wrapper.application; includeInIndex = 0; path = NotesApp.app; sourceTree = BUILT_PRODUCTS_DIR; };
		2990DD5A26FDE3D300712ACC /* AppDelegate.swift */ = {isa = PBXFileReference; lastKnownFileType = sourcecode.swift; path = AppDelegate.swift; sourceTree = "<group>"; };
		2990DD5C26FDE3D400712ACC /* SceneDelegate.swift */ = {isa = PBXFileReference; lastKnownFileType = sourcecode.swift; path = SceneDelegate.swift; sourceTree = "<group>"; };
		2990DD5E26FDE3D400712ACC /* ViewController.swift */ = {isa = PBXFileReference; lastKnownFileType = sourcecode.swift; path = ViewController.swift; sourceTree = "<group>"; };
		2990DD6126FDE3D400712ACC /* Base */ = {isa = PBXFileReference; lastKnownFileType = file.storyboard; name = Base; path = Base.lproj/Main.storyboard; sourceTree = "<group>"; };
		2990DD6326FDE3D400712ACC /* Assets.xcassets */ = {isa = PBXFileReference; lastKnownFileType = folder.assetcatalog; path = Assets.xcassets; sourceTree = "<group>"; };
		2990DD6626FDE3D400712ACC /* Base */ = {isa = PBXFileReference; lastKnownFileType = file.storyboard; name = Base; path = Base.lproj/LaunchScreen.storyboard; sourceTree = "<group>"; };
		2990DD6826FDE3D400712ACC /* Info.plist */ = {isa = PBXFileReference; lastKnownFileType = text.plist.xml; path = Info.plist; sourceTree = "<group>"; };
		2990DD7026FDE4C700712ACC /* EnterNoteViewController.swift */ = {isa = PBXFileReference; lastKnownFileType = sourcecode.swift; path = EnterNoteViewController.swift; sourceTree = "<group>"; };
		2990DD7827020B2200712ACC /* NotesStorage.swift */ = {isa = PBXFileReference; lastKnownFileType = sourcecode.swift; path = NotesStorage.swift; sourceTree = "<group>"; };
		CED152CC270A2824003874C6 /* KeyboardInfoController.swift */ = {isa = PBXFileReference; lastKnownFileType = sourcecode.swift; path = KeyboardInfoController.swift; sourceTree = "<group>"; };
/* End PBXFileReference section */

/* Begin PBXFrameworksBuildPhase section */
		2990DD5426FDE3D300712ACC /* Frameworks */ = {
			isa = PBXFrameworksBuildPhase;
			buildActionMask = 2147483647;
			files = (
			);
			runOnlyForDeploymentPostprocessing = 0;
		};
/* End PBXFrameworksBuildPhase section */

/* Begin PBXGroup section */
		2990DD4E26FDE3D300712ACC = {
			isa = PBXGroup;
			children = (
				2990DD5926FDE3D300712ACC /* NotesApp */,
				2990DD5826FDE3D300712ACC /* Products */,
			);
			sourceTree = "<group>";
		};
		2990DD5826FDE3D300712ACC /* Products */ = {
			isa = PBXGroup;
			children = (
				2990DD5726FDE3D300712ACC /* NotesApp.app */,
			);
			name = Products;
			sourceTree = "<group>";
		};
		2990DD5926FDE3D300712ACC /* NotesApp */ = {
			isa = PBXGroup;
			children = (
				2990DD5A26FDE3D300712ACC /* AppDelegate.swift */,
				2990DD5C26FDE3D400712ACC /* SceneDelegate.swift */,
				2990DD5E26FDE3D400712ACC /* ViewController.swift */,
				2990DD7827020B2200712ACC /* NotesStorage.swift */,
				2990DD6026FDE3D400712ACC /* Main.storyboard */,
				2990DD6326FDE3D400712ACC /* Assets.xcassets */,
				2990DD6526FDE3D400712ACC /* LaunchScreen.storyboard */,
				2990DD6826FDE3D400712ACC /* Info.plist */,
				2990DD7026FDE4C700712ACC /* EnterNoteViewController.swift */,
				CED152CC270A2824003874C6 /* KeyboardInfoController.swift */,
			);
			path = NotesApp;
			sourceTree = "<group>";
		};
/* End PBXGroup section */

/* Begin PBXNativeTarget section */
		2990DD5626FDE3D300712ACC /* NotesApp */ = {
			isa = PBXNativeTarget;
			buildConfigurationList = 2990DD6B26FDE3D400712ACC /* Build configuration list for PBXNativeTarget "NotesApp" */;
			buildPhases = (
				2990DD5326FDE3D300712ACC /* Sources */,
				2990DD5426FDE3D300712ACC /* Frameworks */,
				2990DD5526FDE3D300712ACC /* Resources */,
			);
			buildRules = (
			);
			dependencies = (
			);
			name = NotesApp;
			productName = NotesApp;
			productReference = 2990DD5726FDE3D300712ACC /* NotesApp.app */;
			productType = "com.apple.product-type.application";
		};
/* End PBXNativeTarget section */

/* Begin PBXProject section */
		2990DD4F26FDE3D300712ACC /* Project object */ = {
			isa = PBXProject;
			attributes = {
				LastSwiftUpdateCheck = 1130;
				LastUpgradeCheck = 1130;
				ORGANIZATIONNAME = Sveta;
				TargetAttributes = {
					2990DD5626FDE3D300712ACC = {
						CreatedOnToolsVersion = 11.3.1;
					};
				};
			};
			buildConfigurationList = 2990DD5226FDE3D300712ACC /* Build configuration list for PBXProject "NotesApp" */;
			compatibilityVersion = "Xcode 9.3";
			developmentRegion = en;
			hasScannedForEncodings = 0;
			knownRegions = (
				en,
				Base,
			);
			mainGroup = 2990DD4E26FDE3D300712ACC;
			productRefGroup = 2990DD5826FDE3D300712ACC /* Products */;
			projectDirPath = "";
			projectRoot = "";
			targets = (
				2990DD5626FDE3D300712ACC /* NotesApp */,
			);
		};
/* End PBXProject section */

/* Begin PBXResourcesBuildPhase section */
		2990DD5526FDE3D300712ACC /* Resources */ = {
			isa = PBXResourcesBuildPhase;
			buildActionMask = 2147483647;
			files = (
				2990DD6726FDE3D400712ACC /* LaunchScreen.storyboard in Resources */,
				2990DD6426FDE3D400712ACC /* Assets.xcassets in Resources */,
				2990DD6226FDE3D400712ACC /* Main.storyboard in Resources */,
			);
			runOnlyForDeploymentPostprocessing = 0;
		};
/* End PBXResourcesBuildPhase section */

/* Begin PBXSourcesBuildPhase section */
		2990DD5326FDE3D300712ACC /* Sources */ = {
			isa = PBXSourcesBuildPhase;
			buildActionMask = 2147483647;
			files = (
				2990DD7C2704827700712ACC /* NotesStorage.swift in Sources */,
				2990DD7126FDE4C700712ACC /* EnterNoteViewController.swift in Sources */,
				2990DD5F26FDE3D400712ACC /* ViewController.swift in Sources */,
				2990DD5B26FDE3D300712ACC /* AppDelegate.swift in Sources */,
				CED152CD270A2824003874C6 /* KeyboardInfoController.swift in Sources */,
				2990DD5D26FDE3D400712ACC /* SceneDelegate.swift in Sources */,
			);
			runOnlyForDeploymentPostprocessing = 0;
		};
/* End PBXSourcesBuildPhase section */

/* Begin PBXVariantGroup section */
		2990DD6026FDE3D400712ACC /* Main.storyboard */ = {
			isa = PBXVariantGroup;
			children = (
				2990DD6126FDE3D400712ACC /* Base */,
			);
			name = Main.storyboard;
			sourceTree = "<group>";
		};
		2990DD6526FDE3D400712ACC /* LaunchScreen.storyboard */ = {
			isa = PBXVariantGroup;
			children = (
				2990DD6626FDE3D400712ACC /* Base */,
			);
			name = LaunchScreen.storyboard;
			sourceTree = "<group>";
		};
/* End PBXVariantGroup section */

/* Begin XCBuildConfiguration section */
		2990DD6926FDE3D400712ACC /* Debug */ = {
			isa = XCBuildConfiguration;
			buildSettings = {
				ALWAYS_SEARCH_USER_PATHS = NO;
				CLANG_ANALYZER_NONNULL = YES;
				CLANG_ANALYZER_NUMBER_OBJECT_CONVERSION = YES_AGGRESSIVE;
				CLANG_CXX_LANGUAGE_STANDARD = "gnu++14";
				CLANG_CXX_LIBRARY = "libc++";
				CLANG_ENABLE_MODULES = YES;
				CLANG_ENABLE_OBJC_ARC = YES;
				CLANG_ENABLE_OBJC_WEAK = YES;
				CLANG_WARN_BLOCK_CAPTURE_AUTORELEASING = YES;
				CLANG_WARN_BOOL_CONVERSION = YES;
				CLANG_WARN_COMMA = YES;
				CLANG_WARN_CONSTANT_CONVERSION = YES;
				CLANG_WARN_DEPRECATED_OBJC_IMPLEMENTATIONS = YES;
				CLANG_WARN_DIRECT_OBJC_ISA_USAGE = YES_ERROR;
				CLANG_WARN_DOCUMENTATION_COMMENTS = YES;
				CLANG_WARN_EMPTY_BODY = YES;
				CLANG_WARN_ENUM_CONVERSION = YES;
				CLANG_WARN_INFINITE_RECURSION = YES;
				CLANG_WARN_INT_CONVERSION = YES;
				CLANG_WARN_NON_LITERAL_NULL_CONVERSION = YES;
				CLANG_WARN_OBJC_IMPLICIT_RETAIN_SELF = YES;
				CLANG_WARN_OBJC_LITERAL_CONVERSION = YES;
				CLANG_WARN_OBJC_ROOT_CLASS = YES_ERROR;
				CLANG_WARN_RANGE_LOOP_ANALYSIS = YES;
				CLANG_WARN_STRICT_PROTOTYPES = YES;
				CLANG_WARN_SUSPICIOUS_MOVE = YES;
				CLANG_WARN_UNGUARDED_AVAILABILITY = YES_AGGRESSIVE;
				CLANG_WARN_UNREACHABLE_CODE = YES;
				CLANG_WARN__DUPLICATE_METHOD_MATCH = YES;
				COPY_PHASE_STRIP = NO;
				DEBUG_INFORMATION_FORMAT = dwarf;
				ENABLE_STRICT_OBJC_MSGSEND = YES;
				ENABLE_TESTABILITY = YES;
				GCC_C_LANGUAGE_STANDARD = gnu11;
				GCC_DYNAMIC_NO_PIC = NO;
				GCC_NO_COMMON_BLOCKS = YES;
				GCC_OPTIMIZATION_LEVEL = 0;
				GCC_PREPROCESSOR_DEFINITIONS = (
					"DEBUG=1",
					"$(inherited)",
				);
				GCC_WARN_64_TO_32_BIT_CONVERSION = YES;
				GCC_WARN_ABOUT_RETURN_TYPE = YES_ERROR;
				GCC_WARN_UNDECLARED_SELECTOR = YES;
				GCC_WARN_UNINITIALIZED_AUTOS = YES_AGGRESSIVE;
				GCC_WARN_UNUSED_FUNCTION = YES;
				GCC_WARN_UNUSED_VARIABLE = YES;
				IPHONEOS_DEPLOYMENT_TARGET = 13.2;
				MTL_ENABLE_DEBUG_INFO = INCLUDE_SOURCE;
				MTL_FAST_MATH = YES;
				ONLY_ACTIVE_ARCH = YES;
				SDKROOT = iphoneos;
				SWIFT_ACTIVE_COMPILATION_CONDITIONS = DEBUG;
				SWIFT_OPTIMIZATION_LEVEL = "-Onone";
			};
			name = Debug;
		};
		2990DD6A26FDE3D400712ACC /* Release */ = {
			isa = XCBuildConfiguration;
			buildSettings = {
				ALWAYS_SEARCH_USER_PATHS = NO;
				CLANG_ANALYZER_NONNULL = YES;
				CLANG_ANALYZER_NUMBER_OBJECT_CONVERSION = YES_AGGRESSIVE;
				CLANG_CXX_LANGUAGE_STANDARD = "gnu++14";
				CLANG_CXX_LIBRARY = "libc++";
				CLANG_ENABLE_MODULES = YES;
				CLANG_ENABLE_OBJC_ARC = YES;
				CLANG_ENABLE_OBJC_WEAK = YES;
				CLANG_WARN_BLOCK_CAPTURE_AUTORELEASING = YES;
				CLANG_WARN_BOOL_CONVERSION = YES;
				CLANG_WARN_COMMA = YES;
				CLANG_WARN_CONSTANT_CONVERSION = YES;
				CLANG_WARN_DEPRECATED_OBJC_IMPLEMENTATIONS = YES;
				CLANG_WARN_DIRECT_OBJC_ISA_USAGE = YES_ERROR;
				CLANG_WARN_DOCUMENTATION_COMMENTS = YES;
				CLANG_WARN_EMPTY_BODY = YES;
				CLANG_WARN_ENUM_CONVERSION = YES;
				CLANG_WARN_INFINITE_RECURSION = YES;
				CLANG_WARN_INT_CONVERSION = YES;
				CLANG_WARN_NON_LITERAL_NULL_CONVERSION = YES;
				CLANG_WARN_OBJC_IMPLICIT_RETAIN_SELF = YES;
				CLANG_WARN_OBJC_LITERAL_CONVERSION = YES;
				CLANG_WARN_OBJC_ROOT_CLASS = YES_ERROR;
				CLANG_WARN_RANGE_LOOP_ANALYSIS = YES;
				CLANG_WARN_STRICT_PROTOTYPES = YES;
				CLANG_WARN_SUSPICIOUS_MOVE = YES;
				CLANG_WARN_UNGUARDED_AVAILABILITY = YES_AGGRESSIVE;
				CLANG_WARN_UNREACHABLE_CODE = YES;
				CLANG_WARN__DUPLICATE_METHOD_MATCH = YES;
				COPY_PHASE_STRIP = NO;
				DEBUG_INFORMATION_FORMAT = "dwarf-with-dsym";
				ENABLE_NS_ASSERTIONS = NO;
				ENABLE_STRICT_OBJC_MSGSEND = YES;
				GCC_C_LANGUAGE_STANDARD = gnu11;
				GCC_NO_COMMON_BLOCKS = YES;
				GCC_WARN_64_TO_32_BIT_CONVERSION = YES;
				GCC_WARN_ABOUT_RETURN_TYPE = YES_ERROR;
				GCC_WARN_UNDECLARED_SELECTOR = YES;
				GCC_WARN_UNINITIALIZED_AUTOS = YES_AGGRESSIVE;
				GCC_WARN_UNUSED_FUNCTION = YES;
				GCC_WARN_UNUSED_VARIABLE = YES;
				IPHONEOS_DEPLOYMENT_TARGET = 13.2;
				MTL_ENABLE_DEBUG_INFO = NO;
				MTL_FAST_MATH = YES;
				SDKROOT = iphoneos;
				SWIFT_COMPILATION_MODE = wholemodule;
				SWIFT_OPTIMIZATION_LEVEL = "-O";
				VALIDATE_PRODUCT = YES;
			};
			name = Release;
		};
		2990DD6C26FDE3D400712ACC /* Debug */ = {
			isa = XCBuildConfiguration;
			buildSettings = {
				ASSETCATALOG_COMPILER_APPICON_NAME = AppIcon;
				CODE_SIGN_STYLE = Automatic;
				DEVELOPMENT_TEAM = F3947CDZ3Y;
				INFOPLIST_FILE = NotesApp/Info.plist;
				LD_RUNPATH_SEARCH_PATHS = (
					"$(inherited)",
					"@executable_path/Frameworks",
				);
				PRODUCT_BUNDLE_IDENTIFIER = swift.NotesApp;
				PRODUCT_NAME = "$(TARGET_NAME)";
				SWIFT_VERSION = 5.0;
				TARGETED_DEVICE_FAMILY = "1,2";
			};
			name = Debug;
		};
		2990DD6D26FDE3D400712ACC /* Release */ = {
			isa = XCBuildConfiguration;
			buildSettings = {
				ASSETCATALOG_COMPILER_APPICON_NAME = AppIcon;
				CODE_SIGN_STYLE = Automatic;
				DEVELOPMENT_TEAM = F3947CDZ3Y;
				INFOPLIST_FILE = NotesApp/Info.plist;
				LD_RUNPATH_SEARCH_PATHS = (
					"$(inherited)",
					"@executable_path/Frameworks",
				);
				PRODUCT_BUNDLE_IDENTIFIER = swift.NotesApp;
				PRODUCT_NAME = "$(TARGET_NAME)";
				SWIFT_VERSION = 5.0;
				TARGETED_DEVICE_FAMILY = "1,2";
			};
			name = Release;
		};
/* End XCBuildConfiguration section */

/* Begin XCConfigurationList section */
		2990DD5226FDE3D300712ACC /* Build configuration list for PBXProject "NotesApp" */ = {
			isa = XCConfigurationList;
			buildConfigurations = (
				2990DD6926FDE3D400712ACC /* Debug */,
				2990DD6A26FDE3D400712ACC /* Release */,
			);
			defaultConfigurationIsVisible = 0;
			defaultConfigurationName = Release;
		};
		2990DD6B26FDE3D400712ACC /* Build configuration list for PBXNativeTarget "NotesApp" */ = {
			isa = XCConfigurationList;
			buildConfigurations = (
				2990DD6C26FDE3D400712ACC /* Debug */,
				2990DD6D26FDE3D400712ACC /* Release */,
			);
			defaultConfigurationIsVisible = 0;
			defaultConfigurationName = Release;
		};
/* End XCConfigurationList section */
	};
	rootObject = 2990DD4F26FDE3D300712ACC /* Project object */;
}
